{
  "templateRepo": "collod873/sandcastle",
  "templateCommit": "24d36ede0ff164be3ba8533ee7fd7d31f11c8480",
  "templateTreeClean": true,
  "stampedAt": "2026-06-11T23:52:54.959Z",
  "files": {
    ".claude/skills/sequence/SKILL.md": "efad4a1714fd2b11d2eb3af2953130dc1fba87b73ed83be0aa3715470b368e8c",
    ".claude/skills/to-issues-project/SKILL.md": "87d14ba73a2dd31a4ac6ecf92a6d9221aa33e20069915b8fc41adfbf0ad701c1",
    ".claude/skills/to-prd-project/SKILL.md": "01d717a0abf41ed93dbb0014ea24bc31ceb53ba95987c1c1fee031fdea48e4d0",
    ".github/actions/setup-runner/action.yml": "93a0f926ee80889b19b1a10ca3cf851d504c27511d4263ccd166fd21c04d5411",
    ".github/workflows/agent-auto-merge.yml": "e1db185ee0e85aa1a3c81e4d8cb622f5afe60b45cdceec20923b94b60294ead8",
    ".github/workflows/agent-close-completed-prd.yml": "b043c6dc0480bac9303b7008aa7cbbf2afc7ffed44d3cc6a78ae7bad627eaa4e",
    ".github/workflows/agent-implement-pr.yml": "519134f9df08aec243dcfdc6656a99599bfe3c2c154abc581602132fa539c0d5",
    ".github/workflows/agent-implement-prd.yml": "bfa5e5d41d0bc6ef9e42d3b0774ce8785650cac623e2085b0e4fcac02911c1e1",
    ".github/workflows/agent-implement.yml": "8df453154edcf90ffd0ff1ed746c627e6dcd35bf5b41e62880ea0203c8f2b057",
    ".github/workflows/agent-promote-queued.yml": "96721701a1fa5d28ec568578905375c75e678c9fcbbb1d4a82fcea6b91b1b886",
    ".github/workflows/agent-review.yml": "61de29b70a6e9e241a26ae1d3d461156ff3516a33c375c5a7532453effeb5172",
    ".github/workflows/agent-to-issues-prd.yml": "0789a93b4f33b707428c215da86034bdb4ea45e89d7389dea64e97fc1add2eb3",
    ".github/workflows/agent-update-branch.yml": "197c920b01d990a6947ea1ad022c07cc7825b3da24a9d4c8393c43a5dcc330ea",
    ".sandcastle/.env.example": "468219ea1a042f978650e41d7c80a127573329d34303ec42b86a938711c9703c",
    ".sandcastle/.gitignore": "72f62fa730899e9992153d243f30d9262e8329c218cdc29027778cdc43a296fc",
    ".sandcastle/CODING_STANDARDS.md": "90cb3844c4831310f0cdbd769d6f166bcde0daf1f18f982c7854d008c82a9a56",
    ".sandcastle/agent-workflows/implement-pr/extraction.md": "93e21bff2cc700a64a171ede346511806d5246cbd7dcec2ced4609c74449c738",
    ".sandcastle/agent-workflows/implement-pr/implement-pr.ts": "11bf27ce2f943c5ef5a370092b9c30431118933c4fab6f7dd026f7e778728ac8",
    ".sandcastle/agent-workflows/implement-pr/prompt.md": "83728e035745d99daea04aedf11553778685d9948249f27502a4204cd5601708",
    ".sandcastle/agent-workflows/implement/implement.ts": "1538256091d7103b243e7a2ac717cf3833d187f6a94daaa0e834dbea7e95fee0",
    ".sandcastle/agent-workflows/implement/prompt.md": "2e857327d93785c547677ec9c62b56b41776356db09c479f3581cd89d08b66db",
    ".sandcastle/agent-workflows/review/extraction.md": "ce5e6cbd8a3b64ae2b64bcf8b2b76c9a292b44992cae4ae023645193419afae3",
    ".sandcastle/agent-workflows/review/prompt.md": "0a54cf70b58f4ae5af75fbbe3c4dff1952ba5b23b2b860cdc426bb5131b0473c",
    ".sandcastle/agent-workflows/review/review.ts": "7fab55d335697c9c281f1bcc21f0a01ff0bd14334f3bb9ff111d164cb5e2bd26",
    ".sandcastle/agent-workflows/shared/ci-multipliers.ts": "5cf3024b0258fd85706971e7100efce4a0477982dd7b228dd35af07fc23e0ff0",
    ".sandcastle/agent-workflows/shared/common.ts": "fc218ad9866a953c5cf7a69dc242593aca27f7ce5a78e78ea749b451d2f79744",
    ".sandcastle/agent-workflows/shared/diff-lines.ts": "563d3b9ec71ae6a88e0d52b7805e0cbe2b9f95dccf1b2bcf58259ca401be0f0e",
    ".sandcastle/agent-workflows/shared/gh.ts": "9bc49997981e32d546d5f0a2c53a562edfae3e2f74d9c9695f5613913c07cbdd",
    ".sandcastle/agent-workflows/shared/graft-sync.ts": "5241bf0fc57bd4a60b0c8c7d6064046f1c0cb9f143136c0402790f4cae36bbbf",
    ".sandcastle/agent-workflows/shared/labels.ts": "d4537c1c1d0bc48629ee673cfeb4515def5185470e9c76d1a2df69951219e588",
    ".sandcastle/agent-workflows/shared/pr-metadata.ts": "4c38201326c3990b1e5a31650dbbff0c304c3caa319a3124ce4e9e78660fdfc4",
    ".sandcastle/agent-workflows/shared/publish-sub-issues.ts": "aef720d96c75632757ba2e5d15dbddb9c36c94ad600828ab09c1de5e0259e9be",
    ".sandcastle/agent-workflows/shared/retry-feedback.ts": "18ffb9e1f361c3175b4d7c753852686268bf1a5e899838fa076a44f2599953ff",
    ".sandcastle/agent-workflows/shared/retry-slot.ts": "1406042824eda19e11dd352f48ac03fda90b0a4b078e80f770e6aeb4aebbb1c6",
    ".sandcastle/agent-workflows/shared/review-context.ts": "3359c4470b48f19dd8f66572b8cb6f52f5bed3440cab0819ce6a13f6ff4b56d9",
    ".sandcastle/agent-workflows/shared/review-output.ts": "a9dcaf9ad99a8f478a37c89f82aa1204cb0acbdebc86ce604af551a1941bfbf1",
    ".sandcastle/agent-workflows/shared/review-publish.ts": "4de591ded0b2f356516c8d7a2073311e5fa76051eb2b9f0003f652ddde66ca96",
    ".sandcastle/agent-workflows/shared/run-with-extraction.ts": "09fc8507f38c01895bf64b7c42398f2b0fb3189c57c903b3d9818212cfe1c9e2",
    ".sandcastle/agent-workflows/shared/run-with-retry.ts": "336146b4eb19897342dc45b623587601eb0a5fa398f27820b25f9fb4512012c5",
    ".sandcastle/agent-workflows/to-issues-prd/prompt.md": "cdc98538483bb8a73d60b38fa1a435f4437aac819387240020316b3f4a53de6a",
    ".sandcastle/agent-workflows/to-issues-prd/to-issues-prd.ts": "a2fbccc957cb04509f909ebdde670778fde86c7f4c54420258ce25e4100dd156",
    ".sandcastle/agent-workflows/update-branch/extraction.md": "81495b57d0c3192d07ffd81ec530141d8fed0101a562b2b0dce2091c25d40a0e",
    ".sandcastle/agent-workflows/update-branch/prompt.md": "472bea023995eccde5773226c294c34eb7b1ef6f5920bddc8c55c6ea065d2d2b",
    ".sandcastle/agent-workflows/update-branch/update-branch.ts": "a0b7ecf562d97b854b6e118a49957789d6672298559e3b459ae3c7ca9ef5bcf6",
    ".sandcastle/register-runner.sh": "6dad78b97f945f2204af9fa265da23481a41dd614708b7ba2abceb1d8809bca2",
    ".sandcastle/runner-job-started-hook.sh": "2503a8bb76bf572e89d466a20f9cc44e09d81b61e261fae26b9cfe2754ad3c82",
    ".sandcastle/tsconfig.json": "3d12f5e799ce5acd98088d25a09904670328dc7824addd90c9530bce4434dea1",
    ".sandcastle/unregister-runner.sh": "f5904667af33d2f7028d72fe4e48aaa2308b4149544f47a2392f10f0ec8736b6"
  }
}
