{
  "templateRepo": "collod873/sandcastle",
  "templateCommit": "ea96788f3f531d772be32b5bde13ad6e56310f5c",
  "templateTreeClean": true,
  "stampedAt": "2026-06-11T23:49:45.754Z",
  "files": {
    ".github/actions/setup-runner/action.yml": "93a0f926ee80889b19b1a10ca3cf851d504c27511d4263ccd166fd21c04d5411",
    ".github/workflows/agent-auto-merge.yml": "176572a006200c7702cbd635c725709bd47ebdf993fe00f604776832b8499a2a",
    ".github/workflows/agent-close-completed-prd.yml": "1ea85cb35f77054e8b5cd39281a69f1e511e02327e09f6dc19bdfb3fabd38e41",
    ".github/workflows/agent-implement-pr.yml": "0fa34ac39a6e2bc6f59a85d9d6df07d5dddacff507545b953d0c1fefc927aa38",
    ".github/workflows/agent-implement-prd.yml": "9d00552fe5f4850e55580ce54df40f4baf2173c12095bd6a07bd9362fe288e41",
    ".github/workflows/agent-implement.yml": "91702c7e35bb2cb1e552230051ca6ba894650054f90de24ef2ba3b5bc03539bd",
    ".github/workflows/agent-promote-queued.yml": "832ece197d60f174d17917242034611af4a6e8174eecd22378c5997786ddaede",
    ".github/workflows/agent-review.yml": "9213325647d399b14035628969022609a08f0c6c093c0dc8cf726601c1983ba7",
    ".github/workflows/agent-to-issues-prd.yml": "d917aa9351a4fd2872a085393a6001e53bbf5d78e8473471038e307ff6a6bcbb",
    ".github/workflows/agent-update-branch.yml": "b8ad07d1af1dd06d896c1bc061338a820b032c98bdec34467abd241a0204b251",
    ".sandcastle/.env.example": "468219ea1a042f978650e41d7c80a127573329d34303ec42b86a938711c9703c",
    ".sandcastle/.gitignore": "72f62fa730899e9992153d243f30d9262e8329c218cdc29027778cdc43a296fc",
    ".sandcastle/CODING_STANDARDS.md": "90cb3844c4831310f0cdbd769d6f166bcde0daf1f18f982c7854d008c82a9a56",
    ".sandcastle/agent-workflows/implement-pr/extraction.md": "93e21bff2cc700a64a171ede346511806d5246cbd7dcec2ced4609c74449c738",
    ".sandcastle/agent-workflows/implement-pr/implement-pr.ts": "11bf27ce2f943c5ef5a370092b9c30431118933c4fab6f7dd026f7e778728ac8",
    ".sandcastle/agent-workflows/implement-pr/prompt.md": "9933810ecf04cfc7563922d4d70410f1b3345f47d86143853644b2a34691bc0e",
    ".sandcastle/agent-workflows/implement/implement.ts": "1538256091d7103b243e7a2ac717cf3833d187f6a94daaa0e834dbea7e95fee0",
    ".sandcastle/agent-workflows/implement/prompt.md": "c2c8a0c698b8e0e524779578e26f12e68cd0942a0fdd2d217fdcec988a76fde0",
    ".sandcastle/agent-workflows/review/extraction.md": "ce5e6cbd8a3b64ae2b64bcf8b2b76c9a292b44992cae4ae023645193419afae3",
    ".sandcastle/agent-workflows/review/prompt.md": "0a54cf70b58f4ae5af75fbbe3c4dff1952ba5b23b2b860cdc426bb5131b0473c",
    ".sandcastle/agent-workflows/review/review.ts": "7fab55d335697c9c281f1bcc21f0a01ff0bd14334f3bb9ff111d164cb5e2bd26",
    ".sandcastle/agent-workflows/shared/common.ts": "fc218ad9866a953c5cf7a69dc242593aca27f7ce5a78e78ea749b451d2f79744",
    ".sandcastle/agent-workflows/shared/diff-lines.ts": "563d3b9ec71ae6a88e0d52b7805e0cbe2b9f95dccf1b2bcf58259ca401be0f0e",
    ".sandcastle/agent-workflows/shared/gh.ts": "2fa87924ad570971a6dcd1ee72dad1f6b1f82028995ac10492f94a8130d9998d",
    ".sandcastle/agent-workflows/shared/labels.ts": "168879b56f976609db59808e546017f47d0cc5c845c49fe00f50f5e77ee7d055",
    ".sandcastle/agent-workflows/shared/pr-metadata.ts": "4c38201326c3990b1e5a31650dbbff0c304c3caa319a3124ce4e9e78660fdfc4",
    ".sandcastle/agent-workflows/shared/publish-sub-issues.ts": "7406aad5e6a4a36d9b6aa02b337e0bdcb82e970cf6a27805c383a91e04861caa",
    ".sandcastle/agent-workflows/shared/retry-feedback.ts": "18ffb9e1f361c3175b4d7c753852686268bf1a5e899838fa076a44f2599953ff",
    ".sandcastle/agent-workflows/shared/review-context.ts": "3359c4470b48f19dd8f66572b8cb6f52f5bed3440cab0819ce6a13f6ff4b56d9",
    ".sandcastle/agent-workflows/shared/review-output.ts": "a9dcaf9ad99a8f478a37c89f82aa1204cb0acbdebc86ce604af551a1941bfbf1",
    ".sandcastle/agent-workflows/shared/review-publish.ts": "4de591ded0b2f356516c8d7a2073311e5fa76051eb2b9f0003f652ddde66ca96",
    ".sandcastle/agent-workflows/shared/run-with-extraction.ts": "09fc8507f38c01895bf64b7c42398f2b0fb3189c57c903b3d9818212cfe1c9e2",
    ".sandcastle/agent-workflows/shared/run-with-retry.ts": "336146b4eb19897342dc45b623587601eb0a5fa398f27820b25f9fb4512012c5",
    ".sandcastle/agent-workflows/to-issues-prd/prompt.md": "0a0815be7909e8e38b091ee19b1d5f3b4398976ad7611d3b5ec9acaddc2de9d4",
    ".sandcastle/agent-workflows/to-issues-prd/to-issues-prd.ts": "a2017c7f9e7f36a91f98047304c36348f5f42bd51c00b4100e30c8a01c1e4863",
    ".sandcastle/agent-workflows/update-branch/extraction.md": "81495b57d0c3192d07ffd81ec530141d8fed0101a562b2b0dce2091c25d40a0e",
    ".sandcastle/agent-workflows/update-branch/prompt.md": "472bea023995eccde5773226c294c34eb7b1ef6f5920bddc8c55c6ea065d2d2b",
    ".sandcastle/agent-workflows/update-branch/update-branch.ts": "a0b7ecf562d97b854b6e118a49957789d6672298559e3b459ae3c7ca9ef5bcf6",
    ".sandcastle/register-runner.sh": "6dad78b97f945f2204af9fa265da23481a41dd614708b7ba2abceb1d8809bca2",
    ".sandcastle/runner-job-started-hook.sh": "2503a8bb76bf572e89d466a20f9cc44e09d81b61e261fae26b9cfe2754ad3c82",
    ".sandcastle/tsconfig.json": "3d12f5e799ce5acd98088d25a09904670328dc7824addd90c9530bce4434dea1",
    ".sandcastle/unregister-runner.sh": "f5904667af33d2f7028d72fe4e48aaa2308b4149544f47a2392f10f0ec8736b6",
    ".claude/skills/to-issues-project/SKILL.md": "d6bc12a2522b465064bbf0e1ed3e349a9ae74758856f11b793617cfc0efb144f",
    ".claude/skills/to-prd-project/SKILL.md": "01d717a0abf41ed93dbb0014ea24bc31ceb53ba95987c1c1fee031fdea48e4d0"
  }
}
